{
  "name": "jekyll-boilerplate",
  "version": "1.0.0",
  "lockfileVersion": 1,
  "requires": true,
  "dependencies": {
    "@primer/css": {
      "version": "20.0.0",
      "resolved": "https://registry.npmjs.org/@primer/css/-/css-20.0.0.tgz",
      "integrity": "sha512-bzKJEgKM68GqwwLPfXEK1g5xb1sfZ7dKpnMAAWDWl1hVAADrmL0lcQ6xm29DCCi90RTT2bFF2CgU49d0g7PlTg==",
      "requires": {
        "@primer/primitives": "^7.7.0"
      }
    },
    "@primer/primitives": {
      "version": "7.11.12",
      "resolved": "https://registry.npmjs.org/@primer/primitives/-/primitives-7.11.12.tgz",
      "integrity": "sha512-AvTiuLHvvby2KPZbwwJ7GrtRJYgWyepF6XAOMw7G7Kc2iP3E32OHmaFukwh3gY+OqwcxY7st2tHWll2brk1vfQ=="
    }
  }
}
